
Microsoft Visual Studio Solution File, Format Version 12.00
# Visual Studio Version 17
VisualStudioVersion = 17.5.33424.131
MinimumVisualStudioVersion = 10.0.40219.1
Project("{FAE04EC0-301F-11D3-BF4B-00C04F79EFBC}") = "AolPhones", "AolPhones.csproj", "{0F61EE29-8592-43FB-8835-F6B320754DF3}"
EndProject
Global
	GlobalSection(SolutionConfigurationPlatforms) = preSolution
		Debug|Any CPU = Debug|Any CPU
		Release|Any CPU = Release|Any CPU
	EndGlobalSection
	GlobalSection(ProjectConfigurationPlatforms) = postSolution
		{0F61EE29-8592-43FB-8835-F6B320754DF3}.Debug|Any CPU.ActiveCfg = Debug|Any CPU
		{0F61EE29-8592-43FB-8835-F6B320754DF3}.Debug|Any CPU.Build.0 = Debug|Any CPU
		{0F61EE29-8592-43FB-8835-F6B320754DF3}.Release|Any CPU.ActiveCfg = Release|Any CPU
		{0F61EE29-8592-43FB-8835-F6B320754DF3}.Release|Any CPU.Build.0 = Release|Any CPU
	EndGlobalSection
	GlobalSection(SolutionProperties) = preSolution
		HideSolutionNode = FALSE
	EndGlobalSection
	GlobalSection(ExtensibilityGlobals) = postSolution
		SolutionGuid = {9BBE6C3F-C56A-43C6-82D2-1F19722C5A0B}
	EndGlobalSection
EndGlobal
